<?xml version="1.0" encoding="utf-8"?>
<Project ToolsVersion="4.0" xmlns="http://schemas.microsoft.com/developer/msbuild/2003">
  <ItemGroup>
    <Filter Include="源文件">
      <UniqueIdentifier>{4FC737F1-C7A5-4376-A066-2A32D752A2FF}</UniqueIdentifier>
      <Extensions>cpp;c;cc;cxx;def;odl;idl;hpj;bat;asm;asmx</Extensions>
    </Filter>
    <Filter Include="头文件">
      <UniqueIdentifier>{93995380-89BD-4b04-88EB-625FBE52EBFB}</UniqueIdentifier>
      <Extensions>h;hh;hpp;hxx;hm;inl;inc;ipp;xsd</Extensions>
    </Filter>
    <Filter Include="资源文件">
      <UniqueIdentifier>{67DA6AB6-F800-4c08-8B7A-83BB121AAD01}</UniqueIdentifier>
      <Extensions>rc;ico;cur;bmp;dlg;rc2;rct;bin;rgs;gif;jpg;jpeg;jpe;resx;tiff;tif;png;wav;mfcribbon-ms</Extensions>
    </Filter>
    <Filter Include="jsoncpp">
      <UniqueIdentifier>{669df2f1-95d8-400a-83f9-6962c89cc6f2}</UniqueIdentifier>
    </Filter>
    <Filter Include="jsoncpp\json">
      <UniqueIdentifier>{3520ee35-9720-4965-9a8d-ed4924685794}</UniqueIdentifier>
    </Filter>
    <Filter Include="md5">
      <UniqueIdentifier>{64d5b080-d140-461d-bb6d-6b059a855cc2}</UniqueIdentifier>
    </Filter>
    <Filter Include="minizip">
      <UniqueIdentifier>{80c5dd9e-8c01-4fcc-b308-6c3e98f522b6}</UniqueIdentifier>
    </Filter>
    <Filter Include="tinyxml2">
      <UniqueIdentifier>{44f3af1d-366e-4613-8165-f38a21a15f08}</UniqueIdentifier>
    </Filter>
  </ItemGroup>
  <ItemGroup>
    <ClInclude Include="..\..\cross\jsoncpp\json\allocator.h">
      <Filter>jsoncpp\json</Filter>
    </ClInclude>
    <ClInclude Include="..\..\cross\jsoncpp\json\assertions.h">
      <Filter>jsoncpp\json</Filter>
    </ClInclude>
    <ClInclude Include="..\..\cross\jsoncpp\json\config.h">
      <Filter>jsoncpp\json</Filter>
    </ClInclude>
    <ClInclude Include="..\..\cross\code.hpp">
      <Filter>头文件</Filter>
    </ClInclude>
    <ClInclude Include="..\..\cross\com++.hpp">
      <Filter>头文件</Filter>
    </ClInclude>
    <ClInclude Include="..\..\cross\connector.hpp">
      <Filter>头文件</Filter>
    </ClInclude>
    <ClInclude Include="..\..\cross\connector_curl.hpp">
      <Filter>头文件</Filter>
    </ClInclude>
    <ClInclude Include="..\..\cross\connector_lws.hpp">
      <Filter>头文件</Filter>
    </ClInclude>
    <ClInclude Include="..\..\cross\cross.hpp">
      <Filter>头文件</Filter>
    </ClInclude>
    <ClInclude Include="..\..\cross\minizip\crypt.h">
      <Filter>minizip</Filter>
    </ClInclude>
    <ClInclude Include="..\..\cross\datetime.hpp">
      <Filter>头文件</Filter>
    </ClInclude>
    <ClInclude Include="..\..\cross\digest.hpp">
      <Filter>头文件</Filter>
    </ClInclude>
    <ClInclude Include="..\..\cross\jsoncpp\json\forwards.h">
      <Filter>jsoncpp\json</Filter>
    </ClInclude>
    <ClInclude Include="..\..\cross\fs.hpp">
      <Filter>头文件</Filter>
    </ClInclude>
    <ClInclude Include="..\..\cross\minizip\ioapi.h">
      <Filter>minizip</Filter>
    </ClInclude>
    <ClInclude Include="..\..\cross\minizip\ioapi_mem.h">
      <Filter>minizip</Filter>
    </ClInclude>
    <ClInclude Include="..\..\cross\minizip\iowin32.h">
      <Filter>minizip</Filter>
    </ClInclude>
    <ClInclude Include="..\..\cross\jsoncpp\json\json.h">
      <Filter>jsoncpp\json</Filter>
    </ClInclude>
    <ClInclude Include="..\..\cross\json.hpp">
      <Filter>头文件</Filter>
    </ClInclude>
    <ClInclude Include="..\..\cross\jsoncpp\json\json_features.h">
      <Filter>jsoncpp\json</Filter>
    </ClInclude>
    <ClInclude Include="..\..\cross\jsoncpp\json_tool.h">
      <Filter>jsoncpp\json</Filter>
    </ClInclude>
    <ClInclude Include="..\..\cross\logger.hpp">
      <Filter>头文件</Filter>
    </ClInclude>
    <ClInclude Include="..\..\cross\macro.hpp">
      <Filter>头文件</Filter>
    </ClInclude>
    <ClInclude Include="..\..\cross\md5\md5.h">
      <Filter>md5</Filter>
    </ClInclude>
    <ClInclude Include="..\..\cross\memory.hpp">
      <Filter>头文件</Filter>
    </ClInclude>
    <ClInclude Include="..\..\cross\property.hpp">
      <Filter>头文件</Filter>
    </ClInclude>
    <ClInclude Include="..\..\cross\jsoncpp\json\reader.h">
      <Filter>jsoncpp\json</Filter>
    </ClInclude>
    <ClInclude Include="..\..\cross\str.hpp">
      <Filter>头文件</Filter>
    </ClInclude>
    <ClInclude Include="..\..\cross\stringbuilder.hpp">
      <Filter>头文件</Filter>
    </ClInclude>
    <ClInclude Include="..\..\cross\sys.hpp">
      <Filter>头文件</Filter>
    </ClInclude>
    <ClInclude Include="..\..\cross\threads.hpp">
      <Filter>头文件</Filter>
    </ClInclude>
    <ClInclude Include="..\..\cross\timer.hpp">
      <Filter>头文件</Filter>
    </ClInclude>
    <ClInclude Include="..\..\cross\minizip\unzip.h">
      <Filter>minizip</Filter>
    </ClInclude>
    <ClInclude Include="..\..\cross\url.hpp">
      <Filter>头文件</Filter>
    </ClInclude>
    <ClInclude Include="..\..\cross\jsoncpp\json\value.h">
      <Filter>jsoncpp\json</Filter>
    </ClInclude>
    <ClInclude Include="..\..\cross\jsoncpp\json\version.h">
      <Filter>jsoncpp\json</Filter>
    </ClInclude>
    <ClInclude Include="..\..\cross\jsoncpp\json\writer.h">
      <Filter>jsoncpp\json</Filter>
    </ClInclude>
    <ClInclude Include="..\..\cross\xml.hpp">
      <Filter>头文件</Filter>
    </ClInclude>
    <ClInclude Include="..\..\cross\zip.hpp">
      <Filter>头文件</Filter>
    </ClInclude>
    <ClInclude Include="..\..\cross\tinyxml2\tinyxml2.h">
      <Filter>tinyxml2</Filter>
    </ClInclude>
    <ClInclude Include="..\..\cross\connector_boost.hpp">
      <Filter>头文件</Filter>
    </ClInclude>
  </ItemGroup>
  <ItemGroup>
    <ClCompile Include="..\..\cross\connector.cpp">
      <Filter>源文件</Filter>
    </ClCompile>
    <ClCompile Include="..\..\cross\connector_curl.cpp">
      <Filter>源文件</Filter>
    </ClCompile>
    <ClCompile Include="..\..\cross\connector_lws.cpp">
      <Filter>源文件</Filter>
    </ClCompile>
    <ClCompile Include="..\..\cross\cross.cpp">
      <Filter>源文件</Filter>
    </ClCompile>
    <ClCompile Include="..\..\cross\datetime.cpp">
      <Filter>源文件</Filter>
    </ClCompile>
    <ClCompile Include="..\..\cross\digest.cpp">
      <Filter>源文件</Filter>
    </ClCompile>
    <ClCompile Include="..\..\cross\fs.cpp">
      <Filter>源文件</Filter>
    </ClCompile>
    <ClCompile Include="..\..\cross\minizip\ioapi.c">
      <Filter>minizip</Filter>
    </ClCompile>
    <ClCompile Include="..\..\cross\minizip\ioapi_mem.c">
      <Filter>minizip</Filter>
    </ClCompile>
    <ClCompile Include="..\..\cross\minizip\iowin32.c">
      <Filter>minizip</Filter>
    </ClCompile>
    <ClCompile Include="..\..\cross\json.cpp">
      <Filter>源文件</Filter>
    </ClCompile>
    <ClCompile Include="..\..\cross\jsoncpp\json_reader.cpp">
      <Filter>jsoncpp</Filter>
    </ClCompile>
    <ClCompile Include="..\..\cross\jsoncpp\json_writer.cpp">
      <Filter>jsoncpp</Filter>
    </ClCompile>
    <ClCompile Include="..\..\cross\jsoncpp\json_value.cpp">
      <Filter>jsoncpp</Filter>
    </ClCompile>
    <ClCompile Include="..\..\cross\logger.cpp">
      <Filter>源文件</Filter>
    </ClCompile>
    <ClCompile Include="..\..\cross\md5\md5.c">
      <Filter>md5</Filter>
    </ClCompile>
    <ClCompile Include="..\..\cross\property.cpp">
      <Filter>源文件</Filter>
    </ClCompile>
    <ClCompile Include="..\..\cross\str.cpp">
      <Filter>源文件</Filter>
    </ClCompile>
    <ClCompile Include="..\..\cross\sys.cpp">
      <Filter>源文件</Filter>
    </ClCompile>
    <ClCompile Include="..\..\cross\threads.cpp">
      <Filter>源文件</Filter>
    </ClCompile>
    <ClCompile Include="..\..\cross\timer.cpp">
      <Filter>源文件</Filter>
    </ClCompile>
    <ClCompile Include="..\..\cross\minizip\unzip.c">
      <Filter>minizip</Filter>
    </ClCompile>
    <ClCompile Include="..\..\cross\url.cpp">
      <Filter>源文件</Filter>
    </ClCompile>
    <ClCompile Include="..\..\cross\xml.cpp">
      <Filter>源文件</Filter>
    </ClCompile>
    <ClCompile Include="..\..\cross\zip.cpp">
      <Filter>源文件</Filter>
    </ClCompile>
    <ClCompile Include="..\..\cross\tinyxml2\tinyxml2.cpp">
      <Filter>tinyxml2</Filter>
    </ClCompile>
    <ClCompile Include="..\..\cross\connector_boost.cpp">
      <Filter>源文件</Filter>
    </ClCompile>
  </ItemGroup>
  <ItemGroup>
    <None Include="..\..\cross\jsoncpp\json_valueiterator.inl">
      <Filter>jsoncpp\json</Filter>
    </None>
  </ItemGroup>
</Project>