// !$*UTF8*$!
{
	archiveVersion = 1;
	classes = {
	};
	objectVersion = 50;
	objects = {

/* Begin PBXBuildFile section */
		161D691124B426D8007D7629 /* main.swift in Sources */ = {isa = PBXBuildFile; fileRef = 161D691024B426D8007D7629 /* main.swift */; };
		168C78D624B5898E006099C4 /* cross.framework in Frameworks */ = {isa = PBXBuildFile; fileRef = 168C78D524B5898E006099C4 /* cross.framework */; };
		168C78D724B5898E006099C4 /* cross.framework in Embed Frameworks */ = {isa = PBXBuildFile; fileRef = 168C78D524B5898E006099C4 /* cross.framework */; settings = {ATTRIBUTES = (CodeSignOnCopy, RemoveHeadersOnCopy, ); }; };
		16A20E4124B4753B00706A78 /* test.mm in Sources */ = {isa = PBXBuildFile; fileRef = 16A20E4024B4753B00706A78 /* test.mm */; };
/* End PBXBuildFile section */

/* Begin PBXCopyFilesBuildPhase section */
		161D690B24B426D8007D7629 /* CopyFiles */ = {
			isa = PBXCopyFilesBuildPhase;
			buildActionMask = 2147483647;
			dstPath = /usr/share/man/man1/;
			dstSubfolderSpec = 0;
			files = (
			);
			runOnlyForDeploymentPostprocessing = 1;
		};
		168C78D824B5898E006099C4 /* Embed Frameworks */ = {
			isa = PBXCopyFilesBuildPhase;
			buildActionMask = 2147483647;
			dstPath = "";
			dstSubfolderSpec = 10;
			files = (
				168C78D724B5898E006099C4 /* cross.framework in Embed Frameworks */,
			);
			name = "Embed Frameworks";
			runOnlyForDeploymentPostprocessing = 0;
		};
/* End PBXCopyFilesBuildPhase section */

/* Begin PBXFileReference section */
		161D690D24B426D8007D7629 /* test-macos */ = {isa = PBXFileReference; explicitFileType = "compiled.mach-o.executable"; includeInIndex = 0; path = "test-macos"; sourceTree = BUILT_PRODUCTS_DIR; };
		161D691024B426D8007D7629 /* main.swift */ = {isa = PBXFileReference; lastKnownFileType = sourcecode.swift; path = main.swift; sourceTree = "<group>"; };
		168C78C224B57594006099C4 /* cross_macos.framework */ = {isa = PBXFileReference; explicitFileType = wrapper.framework; path = cross_macos.framework; sourceTree = BUILT_PRODUCTS_DIR; };
		168C78CD24B588EC006099C4 /* cocos.framework */ = {isa = PBXFileReference; explicitFileType = wrapper.framework; path = cocos.framework; sourceTree = BUILT_PRODUCTS_DIR; };
		168C78D524B5898E006099C4 /* cross.framework */ = {isa = PBXFileReference; explicitFileType = wrapper.framework; path = cross.framework; sourceTree = BUILT_PRODUCTS_DIR; };
		16A20E2D24B4487700706A78 /* cross_macos.framework */ = {isa = PBXFileReference; explicitFileType = wrapper.framework; path = cross_macos.framework; sourceTree = BUILT_PRODUCTS_DIR; };
		16A20E3F24B4753B00706A78 /* test.h */ = {isa = PBXFileReference; fileEncoding = 4; lastKnownFileType = sourcecode.c.h; path = test.h; sourceTree = "<group>"; };
		16A20E4024B4753B00706A78 /* test.mm */ = {isa = PBXFileReference; fileEncoding = 4; lastKnownFileType = sourcecode.cpp.objcpp; path = test.mm; sourceTree = "<group>"; };
		16A20E4324B4762500706A78 /* cross.framework */ = {isa = PBXFileReference; explicitFileType = wrapper.framework; path = cross.framework; sourceTree = BUILT_PRODUCTS_DIR; };
/* End PBXFileReference section */

/* Begin PBXFrameworksBuildPhase section */
		161D690A24B426D8007D7629 /* Frameworks */ = {
			isa = PBXFrameworksBuildPhase;
			buildActionMask = 2147483647;
			files = (
				168C78D624B5898E006099C4 /* cross.framework in Frameworks */,
			);
			runOnlyForDeploymentPostprocessing = 0;
		};
/* End PBXFrameworksBuildPhase section */

/* Begin PBXGroup section */
		161D690424B426D8007D7629 = {
			isa = PBXGroup;
			children = (
				161D690F24B426D8007D7629 /* test-macos */,
				161D690E24B426D8007D7629 /* Products */,
				16A20E2C24B4487700706A78 /* Frameworks */,
			);
			sourceTree = "<group>";
		};
		161D690E24B426D8007D7629 /* Products */ = {
			isa = PBXGroup;
			children = (
				161D690D24B426D8007D7629 /* test-macos */,
			);
			name = Products;
			sourceTree = "<group>";
		};
		161D690F24B426D8007D7629 /* test-macos */ = {
			isa = PBXGroup;
			children = (
				16A20E3F24B4753B00706A78 /* test.h */,
				16A20E4024B4753B00706A78 /* test.mm */,
				161D691024B426D8007D7629 /* main.swift */,
			);
			path = "test-macos";
			sourceTree = "<group>";
		};
		16A20E2C24B4487700706A78 /* Frameworks */ = {
			isa = PBXGroup;
			children = (
				168C78D524B5898E006099C4 /* cross.framework */,
				168C78CD24B588EC006099C4 /* cocos.framework */,
				168C78C224B57594006099C4 /* cross_macos.framework */,
				16A20E4324B4762500706A78 /* cross.framework */,
				16A20E2D24B4487700706A78 /* cross_macos.framework */,
			);
			name = Frameworks;
			sourceTree = "<group>";
		};
/* End PBXGroup section */

/* Begin PBXNativeTarget section */
		161D690C24B426D8007D7629 /* test-macos */ = {
			isa = PBXNativeTarget;
			buildConfigurationList = 161D691424B426D8007D7629 /* Build configuration list for PBXNativeTarget "test-macos" */;
			buildPhases = (
				161D690924B426D8007D7629 /* Sources */,
				161D690A24B426D8007D7629 /* Frameworks */,
				161D690B24B426D8007D7629 /* CopyFiles */,
				168C78D824B5898E006099C4 /* Embed Frameworks */,
			);
			buildRules = (
			);
			dependencies = (
			);
			name = "test-macos";
			productName = "test-macos";
			productReference = 161D690D24B426D8007D7629 /* test-macos */;
			productType = "com.apple.product-type.tool";
		};
/* End PBXNativeTarget section */

/* Begin PBXProject section */
		161D690524B426D8007D7629 /* Project object */ = {
			isa = PBXProject;
			attributes = {
				LastSwiftUpdateCheck = 1150;
				LastUpgradeCheck = 1150;
				ORGANIZATIONNAME = nnt;
				TargetAttributes = {
					161D690C24B426D8007D7629 = {
						CreatedOnToolsVersion = 11.5;
						LastSwiftMigration = 1150;
					};
				};
			};
			buildConfigurationList = 161D690824B426D8007D7629 /* Build configuration list for PBXProject "test-macos" */;
			compatibilityVersion = "Xcode 9.3";
			developmentRegion = en;
			hasScannedForEncodings = 0;
			knownRegions = (
				en,
				Base,
			);
			mainGroup = 161D690424B426D8007D7629;
			productRefGroup = 161D690E24B426D8007D7629 /* Products */;
			projectDirPath = "";
			projectRoot = "";
			targets = (
				161D690C24B426D8007D7629 /* test-macos */,
			);
		};
/* End PBXProject section */

/* Begin PBXSourcesBuildPhase section */
		161D690924B426D8007D7629 /* Sources */ = {
			isa = PBXSourcesBuildPhase;
			buildActionMask = 2147483647;
			files = (
				161D691124B426D8007D7629 /* main.swift in Sources */,
				16A20E4124B4753B00706A78 /* test.mm in Sources */,
			);
			runOnlyForDeploymentPostprocessing = 0;
		};
/* End PBXSourcesBuildPhase section */

/* Begin XCBuildConfiguration section */
		161D691224B426D8007D7629 /* Debug */ = {
			isa = XCBuildConfiguration;
			buildSettings = {
				ALWAYS_SEARCH_USER_PATHS = NO;
				CLANG_ANALYZER_NONNULL = YES;
				CLANG_ANALYZER_NUMBER_OBJECT_CONVERSION = YES_AGGRESSIVE;
				CLANG_CXX_LANGUAGE_STANDARD = "gnu++14";
				CLANG_CXX_LIBRARY = "libc++";
				CLANG_ENABLE_MODULES = YES;
				CLANG_ENABLE_OBJC_ARC = YES;
				CLANG_ENABLE_OBJC_WEAK = YES;
				CLANG_WARN_BLOCK_CAPTURE_AUTORELEASING = YES;
				CLANG_WARN_BOOL_CONVERSION = YES;
				CLANG_WARN_COMMA = YES;
				CLANG_WARN_CONSTANT_CONVERSION = YES;
				CLANG_WARN_DEPRECATED_OBJC_IMPLEMENTATIONS = YES;
				CLANG_WARN_DIRECT_OBJC_ISA_USAGE = YES_ERROR;
				CLANG_WARN_DOCUMENTATION_COMMENTS = YES;
				CLANG_WARN_EMPTY_BODY = YES;
				CLANG_WARN_ENUM_CONVERSION = YES;
				CLANG_WARN_INFINITE_RECURSION = YES;
				CLANG_WARN_INT_CONVERSION = YES;
				CLANG_WARN_NON_LITERAL_NULL_CONVERSION = YES;
				CLANG_WARN_OBJC_IMPLICIT_RETAIN_SELF = YES;
				CLANG_WARN_OBJC_LITERAL_CONVERSION = YES;
				CLANG_WARN_OBJC_ROOT_CLASS = YES_ERROR;
				CLANG_WARN_RANGE_LOOP_ANALYSIS = YES;
				CLANG_WARN_STRICT_PROTOTYPES = YES;
				CLANG_WARN_SUSPICIOUS_MOVE = YES;
				CLANG_WARN_UNGUARDED_AVAILABILITY = YES_AGGRESSIVE;
				CLANG_WARN_UNREACHABLE_CODE = YES;
				CLANG_WARN__DUPLICATE_METHOD_MATCH = YES;
				COPY_PHASE_STRIP = NO;
				DEBUG_INFORMATION_FORMAT = dwarf;
				ENABLE_STRICT_OBJC_MSGSEND = YES;
				ENABLE_TESTABILITY = YES;
				GCC_C_LANGUAGE_STANDARD = gnu11;
				GCC_DYNAMIC_NO_PIC = NO;
				GCC_NO_COMMON_BLOCKS = YES;
				GCC_OPTIMIZATION_LEVEL = 0;
				GCC_PREPROCESSOR_DEFINITIONS = (
					"DEBUG=1",
					"$(inherited)",
				);
				GCC_WARN_64_TO_32_BIT_CONVERSION = YES;
				GCC_WARN_ABOUT_RETURN_TYPE = YES_ERROR;
				GCC_WARN_UNDECLARED_SELECTOR = YES;
				GCC_WARN_UNINITIALIZED_AUTOS = YES_AGGRESSIVE;
				GCC_WARN_UNUSED_FUNCTION = YES;
				GCC_WARN_UNUSED_VARIABLE = YES;
				MACOSX_DEPLOYMENT_TARGET = 10.15;
				MTL_ENABLE_DEBUG_INFO = INCLUDE_SOURCE;
				MTL_FAST_MATH = YES;
				ONLY_ACTIVE_ARCH = YES;
				SDKROOT = macosx;
				SWIFT_ACTIVE_COMPILATION_CONDITIONS = DEBUG;
				SWIFT_OPTIMIZATION_LEVEL = "-Onone";
			};
			name = Debug;
		};
		161D691324B426D8007D7629 /* Release */ = {
			isa = XCBuildConfiguration;
			buildSettings = {
				ALWAYS_SEARCH_USER_PATHS = NO;
				CLANG_ANALYZER_NONNULL = YES;
				CLANG_ANALYZER_NUMBER_OBJECT_CONVERSION = YES_AGGRESSIVE;
				CLANG_CXX_LANGUAGE_STANDARD = "gnu++14";
				CLANG_CXX_LIBRARY = "libc++";
				CLANG_ENABLE_MODULES = YES;
				CLANG_ENABLE_OBJC_ARC = YES;
				CLANG_ENABLE_OBJC_WEAK = YES;
				CLANG_WARN_BLOCK_CAPTURE_AUTORELEASING = YES;
				CLANG_WARN_BOOL_CONVERSION = YES;
				CLANG_WARN_COMMA = YES;
				CLANG_WARN_CONSTANT_CONVERSION = YES;
				CLANG_WARN_DEPRECATED_OBJC_IMPLEMENTATIONS = YES;
				CLANG_WARN_DIRECT_OBJC_ISA_USAGE = YES_ERROR;
				CLANG_WARN_DOCUMENTATION_COMMENTS = YES;
				CLANG_WARN_EMPTY_BODY = YES;
				CLANG_WARN_ENUM_CONVERSION = YES;
				CLANG_WARN_INFINITE_RECURSION = YES;
				CLANG_WARN_INT_CONVERSION = YES;
				CLANG_WARN_NON_LITERAL_NULL_CONVERSION = YES;
				CLANG_WARN_OBJC_IMPLICIT_RETAIN_SELF = YES;
				CLANG_WARN_OBJC_LITERAL_CONVERSION = YES;
				CLANG_WARN_OBJC_ROOT_CLASS = YES_ERROR;
				CLANG_WARN_RANGE_LOOP_ANALYSIS = YES;
				CLANG_WARN_STRICT_PROTOTYPES = YES;
				CLANG_WARN_SUSPICIOUS_MOVE = YES;
				CLANG_WARN_UNGUARDED_AVAILABILITY = YES_AGGRESSIVE;
				CLANG_WARN_UNREACHABLE_CODE = YES;
				CLANG_WARN__DUPLICATE_METHOD_MATCH = YES;
				COPY_PHASE_STRIP = NO;
				DEBUG_INFORMATION_FORMAT = "dwarf-with-dsym";
				ENABLE_NS_ASSERTIONS = NO;
				ENABLE_STRICT_OBJC_MSGSEND = YES;
				GCC_C_LANGUAGE_STANDARD = gnu11;
				GCC_NO_COMMON_BLOCKS = YES;
				GCC_WARN_64_TO_32_BIT_CONVERSION = YES;
				GCC_WARN_ABOUT_RETURN_TYPE = YES_ERROR;
				GCC_WARN_UNDECLARED_SELECTOR = YES;
				GCC_WARN_UNINITIALIZED_AUTOS = YES_AGGRESSIVE;
				GCC_WARN_UNUSED_FUNCTION = YES;
				GCC_WARN_UNUSED_VARIABLE = YES;
				MACOSX_DEPLOYMENT_TARGET = 10.15;
				MTL_ENABLE_DEBUG_INFO = NO;
				MTL_FAST_MATH = YES;
				SDKROOT = macosx;
				SWIFT_COMPILATION_MODE = wholemodule;
				SWIFT_OPTIMIZATION_LEVEL = "-O";
			};
			name = Release;
		};
		161D691524B426D8007D7629 /* Debug */ = {
			isa = XCBuildConfiguration;
			buildSettings = {
				CLANG_ENABLE_MODULES = YES;
				CODE_SIGN_STYLE = Automatic;
				GCC_WARN_UNUSED_FUNCTION = NO;
				GCC_WARN_UNUSED_VALUE = NO;
				GCC_WARN_UNUSED_VARIABLE = NO;
				LD_RUNPATH_SEARCH_PATHS = (
					"$(inherited)",
					"@executable_path/../Frameworks",
					"@loader_path/../Frameworks",
				);
				PRODUCT_NAME = "$(TARGET_NAME)";
				SWIFT_OBJC_BRIDGING_HEADER = "test-macos/test.h";
				SWIFT_OPTIMIZATION_LEVEL = "-Onone";
				SWIFT_VERSION = 5.0;
			};
			name = Debug;
		};
		161D691624B426D8007D7629 /* Release */ = {
			isa = XCBuildConfiguration;
			buildSettings = {
				CLANG_ENABLE_MODULES = YES;
				CODE_SIGN_STYLE = Automatic;
				GCC_WARN_UNUSED_FUNCTION = NO;
				GCC_WARN_UNUSED_VALUE = NO;
				GCC_WARN_UNUSED_VARIABLE = NO;
				LD_RUNPATH_SEARCH_PATHS = (
					"$(inherited)",
					"@executable_path/../Frameworks",
					"@loader_path/../Frameworks",
				);
				PRODUCT_NAME = "$(TARGET_NAME)";
				SWIFT_OBJC_BRIDGING_HEADER = "test-macos/test.h";
				SWIFT_VERSION = 5.0;
			};
			name = Release;
		};
/* End XCBuildConfiguration section */

/* Begin XCConfigurationList section */
		161D690824B426D8007D7629 /* Build configuration list for PBXProject "test-macos" */ = {
			isa = XCConfigurationList;
			buildConfigurations = (
				161D691224B426D8007D7629 /* Debug */,
				161D691324B426D8007D7629 /* Release */,
			);
			defaultConfigurationIsVisible = 0;
			defaultConfigurationName = Release;
		};
		161D691424B426D8007D7629 /* Build configuration list for PBXNativeTarget "test-macos" */ = {
			isa = XCConfigurationList;
			buildConfigurations = (
				161D691524B426D8007D7629 /* Debug */,
				161D691624B426D8007D7629 /* Release */,
			);
			defaultConfigurationIsVisible = 0;
			defaultConfigurationName = Release;
		};
/* End XCConfigurationList section */
	};
	rootObject = 161D690524B426D8007D7629 /* Project object */;
}
