// !$*UTF8*$!
{
	archiveVersion = 1;
	classes = {
	};
	objectVersion = 50;
	objects = {

/* Begin PBXBuildFile section */
		161D693924B4273A007D7629 /* AppDelegate.swift in Sources */ = {isa = PBXBuildFile; fileRef = 161D693824B4273A007D7629 /* AppDelegate.swift */; };
		161D693B24B4273B007D7629 /* SceneDelegate.swift in Sources */ = {isa = PBXBuildFile; fileRef = 161D693A24B4273A007D7629 /* SceneDelegate.swift */; };
		161D693D24B4273B007D7629 /* ContentView.swift in Sources */ = {isa = PBXBuildFile; fileRef = 161D693C24B4273B007D7629 /* ContentView.swift */; };
		161D693F24B42741007D7629 /* Assets.xcassets in Resources */ = {isa = PBXBuildFile; fileRef = 161D693E24B42741007D7629 /* Assets.xcassets */; };
		161D694224B42741007D7629 /* Preview Assets.xcassets in Resources */ = {isa = PBXBuildFile; fileRef = 161D694124B42741007D7629 /* Preview Assets.xcassets */; };
		161D694524B42741007D7629 /* LaunchScreen.storyboard in Resources */ = {isa = PBXBuildFile; fileRef = 161D694324B42741007D7629 /* LaunchScreen.storyboard */; };
		16A20E2B24B4486100706A78 /* cross_ios.framework in Frameworks */ = {isa = PBXBuildFile; fileRef = 16A20E2A24B4486100706A78 /* cross_ios.framework */; };
/* End PBXBuildFile section */

/* Begin PBXFileReference section */
		161D693524B4273A007D7629 /* test-ios.app */ = {isa = PBXFileReference; explicitFileType = wrapper.application; includeInIndex = 0; path = "test-ios.app"; sourceTree = BUILT_PRODUCTS_DIR; };
		161D693824B4273A007D7629 /* AppDelegate.swift */ = {isa = PBXFileReference; lastKnownFileType = sourcecode.swift; path = AppDelegate.swift; sourceTree = "<group>"; };
		161D693A24B4273A007D7629 /* SceneDelegate.swift */ = {isa = PBXFileReference; lastKnownFileType = sourcecode.swift; path = SceneDelegate.swift; sourceTree = "<group>"; };
		161D693C24B4273B007D7629 /* ContentView.swift */ = {isa = PBXFileReference; lastKnownFileType = sourcecode.swift; path = ContentView.swift; sourceTree = "<group>"; };
		161D693E24B42741007D7629 /* Assets.xcassets */ = {isa = PBXFileReference; lastKnownFileType = folder.assetcatalog; path = Assets.xcassets; sourceTree = "<group>"; };
		161D694124B42741007D7629 /* Preview Assets.xcassets */ = {isa = PBXFileReference; lastKnownFileType = folder.assetcatalog; path = "Preview Assets.xcassets"; sourceTree = "<group>"; };
		161D694424B42741007D7629 /* Base */ = {isa = PBXFileReference; lastKnownFileType = file.storyboard; name = Base; path = Base.lproj/LaunchScreen.storyboard; sourceTree = "<group>"; };
		161D694624B42741007D7629 /* Info.plist */ = {isa = PBXFileReference; lastKnownFileType = text.plist.xml; path = Info.plist; sourceTree = "<group>"; };
		16A20E2A24B4486100706A78 /* cross_ios.framework */ = {isa = PBXFileReference; explicitFileType = wrapper.framework; path = cross_ios.framework; sourceTree = BUILT_PRODUCTS_DIR; };
/* End PBXFileReference section */

/* Begin PBXFrameworksBuildPhase section */
		161D693224B4273A007D7629 /* Frameworks */ = {
			isa = PBXFrameworksBuildPhase;
			buildActionMask = 2147483647;
			files = (
				16A20E2B24B4486100706A78 /* cross_ios.framework in Frameworks */,
			);
			runOnlyForDeploymentPostprocessing = 0;
		};
/* End PBXFrameworksBuildPhase section */

/* Begin PBXGroup section */
		161D692C24B4273A007D7629 = {
			isa = PBXGroup;
			children = (
				161D693724B4273A007D7629 /* test-ios */,
				161D693624B4273A007D7629 /* Products */,
				16A20E2924B4486000706A78 /* Frameworks */,
			);
			sourceTree = "<group>";
		};
		161D693624B4273A007D7629 /* Products */ = {
			isa = PBXGroup;
			children = (
				161D693524B4273A007D7629 /* test-ios.app */,
			);
			name = Products;
			sourceTree = "<group>";
		};
		161D693724B4273A007D7629 /* test-ios */ = {
			isa = PBXGroup;
			children = (
				161D693824B4273A007D7629 /* AppDelegate.swift */,
				161D693A24B4273A007D7629 /* SceneDelegate.swift */,
				161D693C24B4273B007D7629 /* ContentView.swift */,
				161D693E24B42741007D7629 /* Assets.xcassets */,
				161D694324B42741007D7629 /* LaunchScreen.storyboard */,
				161D694624B42741007D7629 /* Info.plist */,
				161D694024B42741007D7629 /* Preview Content */,
			);
			path = "test-ios";
			sourceTree = "<group>";
		};
		161D694024B42741007D7629 /* Preview Content */ = {
			isa = PBXGroup;
			children = (
				161D694124B42741007D7629 /* Preview Assets.xcassets */,
			);
			path = "Preview Content";
			sourceTree = "<group>";
		};
		16A20E2924B4486000706A78 /* Frameworks */ = {
			isa = PBXGroup;
			children = (
				16A20E2A24B4486100706A78 /* cross_ios.framework */,
			);
			name = Frameworks;
			sourceTree = "<group>";
		};
/* End PBXGroup section */

/* Begin PBXNativeTarget section */
		161D693424B4273A007D7629 /* test-ios */ = {
			isa = PBXNativeTarget;
			buildConfigurationList = 161D694924B42741007D7629 /* Build configuration list for PBXNativeTarget "test-ios" */;
			buildPhases = (
				161D693124B4273A007D7629 /* Sources */,
				161D693224B4273A007D7629 /* Frameworks */,
				161D693324B4273A007D7629 /* Resources */,
			);
			buildRules = (
			);
			dependencies = (
			);
			name = "test-ios";
			productName = "test-ios";
			productReference = 161D693524B4273A007D7629 /* test-ios.app */;
			productType = "com.apple.product-type.application";
		};
/* End PBXNativeTarget section */

/* Begin PBXProject section */
		161D692D24B4273A007D7629 /* Project object */ = {
			isa = PBXProject;
			attributes = {
				LastSwiftUpdateCheck = 1150;
				LastUpgradeCheck = 1150;
				ORGANIZATIONNAME = nnt;
				TargetAttributes = {
					161D693424B4273A007D7629 = {
						CreatedOnToolsVersion = 11.5;
					};
				};
			};
			buildConfigurationList = 161D693024B4273A007D7629 /* Build configuration list for PBXProject "test-ios" */;
			compatibilityVersion = "Xcode 9.3";
			developmentRegion = en;
			hasScannedForEncodings = 0;
			knownRegions = (
				en,
				Base,
			);
			mainGroup = 161D692C24B4273A007D7629;
			productRefGroup = 161D693624B4273A007D7629 /* Products */;
			projectDirPath = "";
			projectRoot = "";
			targets = (
				161D693424B4273A007D7629 /* test-ios */,
			);
		};
/* End PBXProject section */

/* Begin PBXResourcesBuildPhase section */
		161D693324B4273A007D7629 /* Resources */ = {
			isa = PBXResourcesBuildPhase;
			buildActionMask = 2147483647;
			files = (
				161D694524B42741007D7629 /* LaunchScreen.storyboard in Resources */,
				161D694224B42741007D7629 /* Preview Assets.xcassets in Resources */,
				161D693F24B42741007D7629 /* Assets.xcassets in Resources */,
			);
			runOnlyForDeploymentPostprocessing = 0;
		};
/* End PBXResourcesBuildPhase section */

/* Begin PBXSourcesBuildPhase section */
		161D693124B4273A007D7629 /* Sources */ = {
			isa = PBXSourcesBuildPhase;
			buildActionMask = 2147483647;
			files = (
				161D693924B4273A007D7629 /* AppDelegate.swift in Sources */,
				161D693B24B4273B007D7629 /* SceneDelegate.swift in Sources */,
				161D693D24B4273B007D7629 /* ContentView.swift in Sources */,
			);
			runOnlyForDeploymentPostprocessing = 0;
		};
/* End PBXSourcesBuildPhase section */

/* Begin PBXVariantGroup section */
		161D694324B42741007D7629 /* LaunchScreen.storyboard */ = {
			isa = PBXVariantGroup;
			children = (
				161D694424B42741007D7629 /* Base */,
			);
			name = LaunchScreen.storyboard;
			sourceTree = "<group>";
		};
/* End PBXVariantGroup section */

/* Begin XCBuildConfiguration section */
		161D694724B42741007D7629 /* Debug */ = {
			isa = XCBuildConfiguration;
			buildSettings = {
				ALWAYS_SEARCH_USER_PATHS = NO;
				CLANG_ANALYZER_NONNULL = YES;
				CLANG_ANALYZER_NUMBER_OBJECT_CONVERSION = YES_AGGRESSIVE;
				CLANG_CXX_LANGUAGE_STANDARD = "gnu++14";
				CLANG_CXX_LIBRARY = "libc++";
				CLANG_ENABLE_MODULES = YES;
				CLANG_ENABLE_OBJC_ARC = YES;
				CLANG_ENABLE_OBJC_WEAK = YES;
				CLANG_WARN_BLOCK_CAPTURE_AUTORELEASING = YES;
				CLANG_WARN_BOOL_CONVERSION = YES;
				CLANG_WARN_COMMA = YES;
				CLANG_WARN_CONSTANT_CONVERSION = YES;
				CLANG_WARN_DEPRECATED_OBJC_IMPLEMENTATIONS = YES;
				CLANG_WARN_DIRECT_OBJC_ISA_USAGE = YES_ERROR;
				CLANG_WARN_DOCUMENTATION_COMMENTS = YES;
				CLANG_WARN_EMPTY_BODY = YES;
				CLANG_WARN_ENUM_CONVERSION = YES;
				CLANG_WARN_INFINITE_RECURSION = YES;
				CLANG_WARN_INT_CONVERSION = YES;
				CLANG_WARN_NON_LITERAL_NULL_CONVERSION = YES;
				CLANG_WARN_OBJC_IMPLICIT_RETAIN_SELF = YES;
				CLANG_WARN_OBJC_LITERAL_CONVERSION = YES;
				CLANG_WARN_OBJC_ROOT_CLASS = YES_ERROR;
				CLANG_WARN_RANGE_LOOP_ANALYSIS = YES;
				CLANG_WARN_STRICT_PROTOTYPES = YES;
				CLANG_WARN_SUSPICIOUS_MOVE = YES;
				CLANG_WARN_UNGUARDED_AVAILABILITY = YES_AGGRESSIVE;
				CLANG_WARN_UNREACHABLE_CODE = YES;
				CLANG_WARN__DUPLICATE_METHOD_MATCH = YES;
				COPY_PHASE_STRIP = NO;
				DEBUG_INFORMATION_FORMAT = dwarf;
				ENABLE_STRICT_OBJC_MSGSEND = YES;
				ENABLE_TESTABILITY = YES;
				GCC_C_LANGUAGE_STANDARD = gnu11;
				GCC_DYNAMIC_NO_PIC = NO;
				GCC_NO_COMMON_BLOCKS = YES;
				GCC_OPTIMIZATION_LEVEL = 0;
				GCC_PREPROCESSOR_DEFINITIONS = (
					"DEBUG=1",
					"$(inherited)",
				);
				GCC_WARN_64_TO_32_BIT_CONVERSION = YES;
				GCC_WARN_ABOUT_RETURN_TYPE = YES_ERROR;
				GCC_WARN_UNDECLARED_SELECTOR = YES;
				GCC_WARN_UNINITIALIZED_AUTOS = YES_AGGRESSIVE;
				GCC_WARN_UNUSED_FUNCTION = YES;
				GCC_WARN_UNUSED_VARIABLE = YES;
				IPHONEOS_DEPLOYMENT_TARGET = 13.5;
				MTL_ENABLE_DEBUG_INFO = INCLUDE_SOURCE;
				MTL_FAST_MATH = YES;
				ONLY_ACTIVE_ARCH = YES;
				SDKROOT = iphoneos;
				SWIFT_ACTIVE_COMPILATION_CONDITIONS = DEBUG;
				SWIFT_OPTIMIZATION_LEVEL = "-Onone";
			};
			name = Debug;
		};
		161D694824B42741007D7629 /* Release */ = {
			isa = XCBuildConfiguration;
			buildSettings = {
				ALWAYS_SEARCH_USER_PATHS = NO;
				CLANG_ANALYZER_NONNULL = YES;
				CLANG_ANALYZER_NUMBER_OBJECT_CONVERSION = YES_AGGRESSIVE;
				CLANG_CXX_LANGUAGE_STANDARD = "gnu++14";
				CLANG_CXX_LIBRARY = "libc++";
				CLANG_ENABLE_MODULES = YES;
				CLANG_ENABLE_OBJC_ARC = YES;
				CLANG_ENABLE_OBJC_WEAK = YES;
				CLANG_WARN_BLOCK_CAPTURE_AUTORELEASING = YES;
				CLANG_WARN_BOOL_CONVERSION = YES;
				CLANG_WARN_COMMA = YES;
				CLANG_WARN_CONSTANT_CONVERSION = YES;
				CLANG_WARN_DEPRECATED_OBJC_IMPLEMENTATIONS = YES;
				CLANG_WARN_DIRECT_OBJC_ISA_USAGE = YES_ERROR;
				CLANG_WARN_DOCUMENTATION_COMMENTS = YES;
				CLANG_WARN_EMPTY_BODY = YES;
				CLANG_WARN_ENUM_CONVERSION = YES;
				CLANG_WARN_INFINITE_RECURSION = YES;
				CLANG_WARN_INT_CONVERSION = YES;
				CLANG_WARN_NON_LITERAL_NULL_CONVERSION = YES;
				CLANG_WARN_OBJC_IMPLICIT_RETAIN_SELF = YES;
				CLANG_WARN_OBJC_LITERAL_CONVERSION = YES;
				CLANG_WARN_OBJC_ROOT_CLASS = YES_ERROR;
				CLANG_WARN_RANGE_LOOP_ANALYSIS = YES;
				CLANG_WARN_STRICT_PROTOTYPES = YES;
				CLANG_WARN_SUSPICIOUS_MOVE = YES;
				CLANG_WARN_UNGUARDED_AVAILABILITY = YES_AGGRESSIVE;
				CLANG_WARN_UNREACHABLE_CODE = YES;
				CLANG_WARN__DUPLICATE_METHOD_MATCH = YES;
				COPY_PHASE_STRIP = NO;
				DEBUG_INFORMATION_FORMAT = "dwarf-with-dsym";
				ENABLE_NS_ASSERTIONS = NO;
				ENABLE_STRICT_OBJC_MSGSEND = YES;
				GCC_C_LANGUAGE_STANDARD = gnu11;
				GCC_NO_COMMON_BLOCKS = YES;
				GCC_WARN_64_TO_32_BIT_CONVERSION = YES;
				GCC_WARN_ABOUT_RETURN_TYPE = YES_ERROR;
				GCC_WARN_UNDECLARED_SELECTOR = YES;
				GCC_WARN_UNINITIALIZED_AUTOS = YES_AGGRESSIVE;
				GCC_WARN_UNUSED_FUNCTION = YES;
				GCC_WARN_UNUSED_VARIABLE = YES;
				IPHONEOS_DEPLOYMENT_TARGET = 13.5;
				MTL_ENABLE_DEBUG_INFO = NO;
				MTL_FAST_MATH = YES;
				SDKROOT = iphoneos;
				SWIFT_COMPILATION_MODE = wholemodule;
				SWIFT_OPTIMIZATION_LEVEL = "-O";
				VALIDATE_PRODUCT = YES;
			};
			name = Release;
		};
		161D694A24B42741007D7629 /* Debug */ = {
			isa = XCBuildConfiguration;
			buildSettings = {
				ASSETCATALOG_COMPILER_APPICON_NAME = AppIcon;
				CODE_SIGN_STYLE = Automatic;
				DEVELOPMENT_ASSET_PATHS = "\"test-ios/Preview Content\"";
				DEVELOPMENT_TEAM = 3RC2X964CN;
				ENABLE_PREVIEWS = YES;
				INFOPLIST_FILE = "test-ios/Info.plist";
				LD_RUNPATH_SEARCH_PATHS = (
					"$(inherited)",
					"@executable_path/Frameworks",
				);
				PRODUCT_BUNDLE_IDENTIFIER = "com.nnt.cross.test-ios";
				PRODUCT_NAME = "$(TARGET_NAME)";
				SWIFT_VERSION = 5.0;
				TARGETED_DEVICE_FAMILY = "1,2";
			};
			name = Debug;
		};
		161D694B24B42741007D7629 /* Release */ = {
			isa = XCBuildConfiguration;
			buildSettings = {
				ASSETCATALOG_COMPILER_APPICON_NAME = AppIcon;
				CODE_SIGN_STYLE = Automatic;
				DEVELOPMENT_ASSET_PATHS = "\"test-ios/Preview Content\"";
				DEVELOPMENT_TEAM = 3RC2X964CN;
				ENABLE_PREVIEWS = YES;
				INFOPLIST_FILE = "test-ios/Info.plist";
				LD_RUNPATH_SEARCH_PATHS = (
					"$(inherited)",
					"@executable_path/Frameworks",
				);
				PRODUCT_BUNDLE_IDENTIFIER = "com.nnt.cross.test-ios";
				PRODUCT_NAME = "$(TARGET_NAME)";
				SWIFT_VERSION = 5.0;
				TARGETED_DEVICE_FAMILY = "1,2";
			};
			name = Release;
		};
/* End XCBuildConfiguration section */

/* Begin XCConfigurationList section */
		161D693024B4273A007D7629 /* Build configuration list for PBXProject "test-ios" */ = {
			isa = XCConfigurationList;
			buildConfigurations = (
				161D694724B42741007D7629 /* Debug */,
				161D694824B42741007D7629 /* Release */,
			);
			defaultConfigurationIsVisible = 0;
			defaultConfigurationName = Release;
		};
		161D694924B42741007D7629 /* Build configuration list for PBXNativeTarget "test-ios" */ = {
			isa = XCConfigurationList;
			buildConfigurations = (
				161D694A24B42741007D7629 /* Debug */,
				161D694B24B42741007D7629 /* Release */,
			);
			defaultConfigurationIsVisible = 0;
			defaultConfigurationName = Release;
		};
/* End XCConfigurationList section */
	};
	rootObject = 161D692D24B4273A007D7629 /* Project object */;
}
